
Microsoft Visual Studio Solution File, Format Version 12.00
# Visual Studio Version 16
VisualStudioVersion = 16.0.30011.22
MinimumVisualStudioVersion = 10.0.40219.1
Project("{FAE04EC0-301F-11D3-BF4B-00C04F79EFBC}") = "ChatSimulator", "ChatSimulator\ChatSimulator.csproj", "{BCAC28F9-8E30-4371-8FF4-E5E9508F240F}"
EndProject
Global
	GlobalSection(SolutionConfigurationPlatforms) = preSolution
		Debug|Any CPU = Debug|Any CPU
		Release|Any CPU = Release|Any CPU
	EndGlobalSection
	GlobalSection(ProjectConfigurationPlatforms) = postSolution
		{BCAC28F9-8E30-4371-8FF4-E5E9508F240F}.Debug|Any CPU.ActiveCfg = Debug|Any CPU
		{BCAC28F9-8E30-4371-8FF4-E5E9508F240F}.Debug|Any CPU.Build.0 = Debug|Any CPU
		{BCAC28F9-8E30-4371-8FF4-E5E9508F240F}.Release|Any CPU.ActiveCfg = Release|Any CPU
		{BCAC28F9-8E30-4371-8FF4-E5E9508F240F}.Release|Any CPU.Build.0 = Release|Any CPU
	EndGlobalSection
	GlobalSection(SolutionProperties) = preSolution
		HideSolutionNode = FALSE
	EndGlobalSection
	GlobalSection(ExtensibilityGlobals) = postSolution
		SolutionGuid = {83629C4F-FFA5-4507-A14E-8D03921400A5}
	EndGlobalSection
EndGlobal
